
Microsoft Visual Studio Solution File, Format Version 12.00
# Visual Studio Version 17
VisualStudioVersion = 17.10.34916.146
MinimumVisualStudioVersion = 10.0.40219.1
Project("{9A19103F-16F7-4668-BE54-9A1E7A4F7556}") = "PrintDialogX", "PrintDialogX\PrintDialogX.csproj", "{2DC33D56-CF21-4CBD-BE0D-CD0E56168194}"
EndProject
Project("{FAE04EC0-301F-11D3-BF4B-00C04F79EFBC}") = "PrintDialogX.Test", "PrintDialogX.Test\PrintDialogX.Test.csproj", "{0AEF8255-A65D-4077-B428-12B0EEAAD6C7}"
EndProject
Global
	GlobalSection(SolutionConfigurationPlatforms) = preSolution
		Debug|Any CPU = Debug|Any CPU
		Debug|ARM64 = Debug|ARM64
		Debug|x64 = Debug|x64
		Debug|x86 = Debug|x86
		Release|Any CPU = Release|Any CPU
		Release|ARM64 = Release|ARM64
		Release|x64 = Release|x64
		Release|x86 = Release|x86
	EndGlobalSection
	GlobalSection(ProjectConfigurationPlatforms) = postSolution
		{2DC33D56-CF21-4CBD-BE0D-CD0E56168194}.Debug|Any CPU.ActiveCfg = Debug|Any CPU
		{2DC33D56-CF21-4CBD-BE0D-CD0E56168194}.Debug|Any CPU.Build.0 = Debug|Any CPU
		{2DC33D56-CF21-4CBD-BE0D-CD0E56168194}.Debug|ARM64.ActiveCfg = Debug|Any CPU
		{2DC33D56-CF21-4CBD-BE0D-CD0E56168194}.Debug|ARM64.Build.0 = Debug|Any CPU
		{2DC33D56-CF21-4CBD-BE0D-CD0E56168194}.Debug|x64.ActiveCfg = Debug|Any CPU
		{2DC33D56-CF21-4CBD-BE0D-CD0E56168194}.Debug|x64.Build.0 = Debug|Any CPU
		{2DC33D56-CF21-4CBD-BE0D-CD0E56168194}.Debug|x86.ActiveCfg = Debug|Any CPU
		{2DC33D56-CF21-4CBD-BE0D-CD0E56168194}.Debug|x86.Build.0 = Debug|Any CPU
		{2DC33D56-CF21-4CBD-BE0D-CD0E56168194}.Release|Any CPU.ActiveCfg = Release|Any CPU
		{2DC33D56-CF21-4CBD-BE0D-CD0E56168194}.Release|Any CPU.Build.0 = Release|Any CPU
		{2DC33D56-CF21-4CBD-BE0D-CD0E56168194}.Release|ARM64.ActiveCfg = Release|Any CPU
		{2DC33D56-CF21-4CBD-BE0D-CD0E56168194}.Release|ARM64.Build.0 = Release|Any CPU
		{2DC33D56-CF21-4CBD-BE0D-CD0E56168194}.Release|x64.ActiveCfg = Release|Any CPU
		{2DC33D56-CF21-4CBD-BE0D-CD0E56168194}.Release|x64.Build.0 = Release|Any CPU
		{2DC33D56-CF21-4CBD-BE0D-CD0E56168194}.Release|x86.ActiveCfg = Release|Any CPU
		{2DC33D56-CF21-4CBD-BE0D-CD0E56168194}.Release|x86.Build.0 = Release|Any CPU
		{0AEF8255-A65D-4077-B428-12B0EEAAD6C7}.Debug|Any CPU.ActiveCfg = Debug|Any CPU
		{0AEF8255-A65D-4077-B428-12B0EEAAD6C7}.Debug|Any CPU.Build.0 = Debug|Any CPU
		{0AEF8255-A65D-4077-B428-12B0EEAAD6C7}.Debug|ARM64.ActiveCfg = Debug|Any CPU
		{0AEF8255-A65D-4077-B428-12B0EEAAD6C7}.Debug|ARM64.Build.0 = Debug|Any CPU
		{0AEF8255-A65D-4077-B428-12B0EEAAD6C7}.Debug|x64.ActiveCfg = Debug|Any CPU
		{0AEF8255-A65D-4077-B428-12B0EEAAD6C7}.Debug|x64.Build.0 = Debug|Any CPU
		{0AEF8255-A65D-4077-B428-12B0EEAAD6C7}.Debug|x86.ActiveCfg = Debug|Any CPU
		{0AEF8255-A65D-4077-B428-12B0EEAAD6C7}.Debug|x86.Build.0 = Debug|Any CPU
		{0AEF8255-A65D-4077-B428-12B0EEAAD6C7}.Release|Any CPU.ActiveCfg = Release|Any CPU
		{0AEF8255-A65D-4077-B428-12B0EEAAD6C7}.Release|Any CPU.Build.0 = Release|Any CPU
		{0AEF8255-A65D-4077-B428-12B0EEAAD6C7}.Release|ARM64.ActiveCfg = Release|Any CPU
		{0AEF8255-A65D-4077-B428-12B0EEAAD6C7}.Release|ARM64.Build.0 = Release|Any CPU
		{0AEF8255-A65D-4077-B428-12B0EEAAD6C7}.Release|x64.ActiveCfg = Release|Any CPU
		{0AEF8255-A65D-4077-B428-12B0EEAAD6C7}.Release|x64.Build.0 = Release|Any CPU
		{0AEF8255-A65D-4077-B428-12B0EEAAD6C7}.Release|x86.ActiveCfg = Release|Any CPU
		{0AEF8255-A65D-4077-B428-12B0EEAAD6C7}.Release|x86.Build.0 = Release|Any CPU
	EndGlobalSection
	GlobalSection(SolutionProperties) = preSolution
		HideSolutionNode = FALSE
	EndGlobalSection
	GlobalSection(ExtensibilityGlobals) = postSolution
		SolutionGuid = {04BCAAAE-4B4C-41C1-B950-53AF7AE7490F}
	EndGlobalSection
EndGlobal
